
Microsoft Visual Studio Solution File, Format Version 12.00
# Visual Studio 15
VisualStudioVersion = 15.0.27703.2026
MinimumVisualStudioVersion = 10.0.40219.1
Project("{8BC9CEB8-8B4A-11D0-8D11-00A0C91BC942}") = "ZombieArena", "ZombieArena\ZombieArena.vcxproj", "{3F484880-48E5-4DB0-8007-9B5D46CDB04B}"
EndProject
Global
	GlobalSection(SolutionConfigurationPlatforms) = preSolution
		Debug|x64 = Debug|x64
		Debug|x86 = Debug|x86
		Release|x64 = Release|x64
		Release|x86 = Release|x86
	EndGlobalSection
	GlobalSection(ProjectConfigurationPlatforms) = postSolution
		{3F484880-48E5-4DB0-8007-9B5D46CDB04B}.Debug|x64.ActiveCfg = Debug|x64
		{3F484880-48E5-4DB0-8007-9B5D46CDB04B}.Debug|x64.Build.0 = Debug|x64
		{3F484880-48E5-4DB0-8007-9B5D46CDB04B}.Debug|x86.ActiveCfg = Debug|Win32
		{3F484880-48E5-4DB0-8007-9B5D46CDB04B}.Debug|x86.Build.0 = Debug|Win32
		{3F484880-48E5-4DB0-8007-9B5D46CDB04B}.Release|x64.ActiveCfg = Release|x64
		{3F484880-48E5-4DB0-8007-9B5D46CDB04B}.Release|x64.Build.0 = Release|x64
		{3F484880-48E5-4DB0-8007-9B5D46CDB04B}.Release|x86.ActiveCfg = Release|Win32
		{3F484880-48E5-4DB0-8007-9B5D46CDB04B}.Release|x86.Build.0 = Release|Win32
	EndGlobalSection
	GlobalSection(SolutionProperties) = preSolution
		HideSolutionNode = FALSE
	EndGlobalSection
	GlobalSection(ExtensibilityGlobals) = postSolution
		SolutionGuid = {225C505A-2C47-4A34-8DAA-A9B2229C41FD}
	EndGlobalSection
EndGlobal
